
Microsoft Visual Studio Solution File, Format Version 12.00
# Visual Studio Version 17
VisualStudioVersion = 17.11.35431.28
MinimumVisualStudioVersion = 10.0.40219.1
Project("{FAE04EC0-301F-11D3-BF4B-00C04F79EFBC}") = "Common", "Common\Common.csproj", "{362E6D30-5391-4DE7-AC74-DBB7BDF4CCA9}"
EndProject
Project("{FAE04EC0-301F-11D3-BF4B-00C04F79EFBC}") = "Client", "Client\Client.csproj", "{132BFD94-4159-46AB-8A31-EF5BED972713}"
EndProject
Global
	GlobalSection(SolutionConfigurationPlatforms) = preSolution
		Debug|Any CPU = Debug|Any CPU
		Release|Any CPU = Release|Any CPU
	EndGlobalSection
	GlobalSection(ProjectConfigurationPlatforms) = postSolution
		{362E6D30-5391-4DE7-AC74-DBB7BDF4CCA9}.Debug|Any CPU.ActiveCfg = Debug|Any CPU
		{362E6D30-5391-4DE7-AC74-DBB7BDF4CCA9}.Debug|Any CPU.Build.0 = Debug|Any CPU
		{362E6D30-5391-4DE7-AC74-DBB7BDF4CCA9}.Release|Any CPU.ActiveCfg = Release|Any CPU
		{362E6D30-5391-4DE7-AC74-DBB7BDF4CCA9}.Release|Any CPU.Build.0 = Release|Any CPU
		{132BFD94-4159-46AB-8A31-EF5BED972713}.Debug|Any CPU.ActiveCfg = Debug|Any CPU
		{132BFD94-4159-46AB-8A31-EF5BED972713}.Debug|Any CPU.Build.0 = Debug|Any CPU
		{132BFD94-4159-46AB-8A31-EF5BED972713}.Release|Any CPU.ActiveCfg = Release|Any CPU
		{132BFD94-4159-46AB-8A31-EF5BED972713}.Release|Any CPU.Build.0 = Release|Any CPU
	EndGlobalSection
	GlobalSection(SolutionProperties) = preSolution
		HideSolutionNode = FALSE
	EndGlobalSection
	GlobalSection(ExtensibilityGlobals) = postSolution
		SolutionGuid = {C3D83FC2-35E2-49D3-B7EC-75EBD73B695F}
	EndGlobalSection
EndGlobal
